# THIS IS AN AUTOGENERATED FILE. DO NOT EDIT THIS FILE DIRECTLY.
# yarn lockfile v1


dead-simple-console-colors@^1.0.11:
  version "1.0.11"
  resolved "https://registry.yarnpkg.com/dead-simple-console-colors/-/dead-simple-console-colors-1.0.11.tgz#82c986af531cc225a31a5bdeda6be8984e4e7106"
  integrity sha512-r4vy7PnbU9cSsDZH4xRuUL3goeiR7j2Uwl/6dKNT58XmlwRUZ5ADpiGh1bryLLAPsA2n/xkYUTG1cb+O96E/ow==
